
Microsoft Visual Studio Solution File, Format Version 12.00
# Visual Studio Version 17
VisualStudioVersion = 17.7.34024.191
MinimumVisualStudioVersion = 10.0.40219.1
Project("{8BC9CEB8-8B4A-11D0-8D11-00A0C91BC942}") = "Lab03", "Lab03\Lab03.vcxproj", "{60274DBA-3B89-45DD-A692-4A13B800805A}"
EndProject
Global
	GlobalSection(SolutionConfigurationPlatforms) = preSolution
		Debug|x64 = Debug|x64
		Debug|x86 = Debug|x86
		Release|x64 = Release|x64
		Release|x86 = Release|x86
	EndGlobalSection
	GlobalSection(ProjectConfigurationPlatforms) = postSolution
		{60274DBA-3B89-45DD-A692-4A13B800805A}.Debug|x64.ActiveCfg = Debug|x64
		{60274DBA-3B89-45DD-A692-4A13B800805A}.Debug|x64.Build.0 = Debug|x64
		{60274DBA-3B89-45DD-A692-4A13B800805A}.Debug|x86.ActiveCfg = Debug|Win32
		{60274DBA-3B89-45DD-A692-4A13B800805A}.Debug|x86.Build.0 = Debug|Win32
		{60274DBA-3B89-45DD-A692-4A13B800805A}.Release|x64.ActiveCfg = Release|x64
		{60274DBA-3B89-45DD-A692-4A13B800805A}.Release|x64.Build.0 = Release|x64
		{60274DBA-3B89-45DD-A692-4A13B800805A}.Release|x86.ActiveCfg = Release|Win32
		{60274DBA-3B89-45DD-A692-4A13B800805A}.Release|x86.Build.0 = Release|Win32
	EndGlobalSection
	GlobalSection(SolutionProperties) = preSolution
		HideSolutionNode = FALSE
	EndGlobalSection
	GlobalSection(ExtensibilityGlobals) = postSolution
		SolutionGuid = {3694176F-A3BA-4D80-8C4F-0BFF1A514E61}
	EndGlobalSection
EndGlobal
